
Microsoft Visual Studio Solution File, Format Version 12.00
# Visual Studio Version 17
VisualStudioVersion = 17.3.32929.385
MinimumVisualStudioVersion = 10.0.40219.1
Project("{FAE04EC0-301F-11D3-BF4B-00C04F79EFBC}") = "Basic10Programs", "Basic10Programs.csproj", "{49EA0D78-DF83-4C21-83B0-EE7B5F7DBD79}"
EndProject
Global
	GlobalSection(SolutionConfigurationPlatforms) = preSolution
		Debug|Any CPU = Debug|Any CPU
		Release|Any CPU = Release|Any CPU
	EndGlobalSection
	GlobalSection(ProjectConfigurationPlatforms) = postSolution
		{49EA0D78-DF83-4C21-83B0-EE7B5F7DBD79}.Debug|Any CPU.ActiveCfg = Debug|Any CPU
		{49EA0D78-DF83-4C21-83B0-EE7B5F7DBD79}.Debug|Any CPU.Build.0 = Debug|Any CPU
		{49EA0D78-DF83-4C21-83B0-EE7B5F7DBD79}.Release|Any CPU.ActiveCfg = Release|Any CPU
		{49EA0D78-DF83-4C21-83B0-EE7B5F7DBD79}.Release|Any CPU.Build.0 = Release|Any CPU
	EndGlobalSection
	GlobalSection(SolutionProperties) = preSolution
		HideSolutionNode = FALSE
	EndGlobalSection
	GlobalSection(ExtensibilityGlobals) = postSolution
		SolutionGuid = {C0713162-6407-499B-8C2F-126808F95F58}
	EndGlobalSection
EndGlobal
